
Microsoft Visual Studio Solution File, Format Version 12.00
Project("{FAE04EC0-301F-11D3-BF4B-00C04F79EFBC}") = "Saga", "Saga\Saga.csproj", "{2C3C5306-976F-4FA5-9B64-2A06E3EA46C1}"
EndProject
Global
	GlobalSection(SolutionConfigurationPlatforms) = preSolution
		Debug|Any CPU = Debug|Any CPU
		Release|Any CPU = Release|Any CPU
	EndGlobalSection
	GlobalSection(ProjectConfigurationPlatforms) = postSolution
		{2C3C5306-976F-4FA5-9B64-2A06E3EA46C1}.Debug|Any CPU.ActiveCfg = Debug|Any CPU
		{2C3C5306-976F-4FA5-9B64-2A06E3EA46C1}.Debug|Any CPU.Build.0 = Debug|Any CPU
		{2C3C5306-976F-4FA5-9B64-2A06E3EA46C1}.Release|Any CPU.ActiveCfg = Release|Any CPU
		{2C3C5306-976F-4FA5-9B64-2A06E3EA46C1}.Release|Any CPU.Build.0 = Release|Any CPU
	EndGlobalSection
EndGlobal
